
Microsoft Visual Studio Solution File, Format Version 12.00
# Visual Studio 15
VisualStudioVersion = 15.0.27130.2027
MinimumVisualStudioVersion = 10.0.40219.1
Project("{FAE04EC0-301F-11D3-BF4B-00C04F79EFBC}") = "GitCached", "GitCached.csproj", "{DAE682A0-8EA9-4708-AFF6-40ECC7460C16}"
EndProject
Global
	GlobalSection(SolutionConfigurationPlatforms) = preSolution
		Debug|Any CPU = Debug|Any CPU
		Release|Any CPU = Release|Any CPU
	EndGlobalSection
	GlobalSection(ProjectConfigurationPlatforms) = postSolution
		{DAE682A0-8EA9-4708-AFF6-40ECC7460C16}.Debug|Any CPU.ActiveCfg = Debug|Any CPU
		{DAE682A0-8EA9-4708-AFF6-40ECC7460C16}.Debug|Any CPU.Build.0 = Debug|Any CPU
		{DAE682A0-8EA9-4708-AFF6-40ECC7460C16}.Release|Any CPU.ActiveCfg = Release|Any CPU
		{DAE682A0-8EA9-4708-AFF6-40ECC7460C16}.Release|Any CPU.Build.0 = Release|Any CPU
	EndGlobalSection
	GlobalSection(SolutionProperties) = preSolution
		HideSolutionNode = FALSE
	EndGlobalSection
	GlobalSection(ExtensibilityGlobals) = postSolution
		SolutionGuid = {3119F9C8-F318-4BEB-B465-39F942375FBD}
	EndGlobalSection
EndGlobal
